# This file was autogenerated by Stack.
# You should not edit this file by hand.
# For more information, please see the documentation at:
#   https://docs.haskellstack.org/en/stable/topics/lock_files

packages:
- completed:
    hackage: ansi-terminal-1.1@sha256:1877d280fb0027bd460f42b89abb30ee5490b97db738d21fcd6aacfb8a5dcc62,2892
    pantry-tree:
      sha256: 9302039b7dfb26029cced8b458608b3d6e9fde0fdd0d25c8d08dc5bfafa88530
      size: 1184
  original:
    hackage: ansi-terminal-1.1
snapshots:
- completed:
    sha256: 1964d439d2a152be4238053f3f997a09fb348391984daab86d724975ef9a423f
    size: 683814
    url: https://raw.githubusercontent.com/commercialhaskell/stackage-snapshots/master/lts/23/14.yaml
  original:
    url: https://raw.githubusercontent.com/commercialhaskell/stackage-snapshots/master/lts/23/14.yaml
